
Microsoft Visual Studio Solution File, Format Version 12.00
Project("{2150E333-8FDC-42A3-9474-1A3956D46DE8}") = "API", "API", "{F69D1356-0727-4265-8CCC-5211AE91F9D2}"
EndProject
Project("{2150E333-8FDC-42A3-9474-1A3956D46DE8}") = "Application", "Application", "{43EE4A1A-413B-43A8-9534-09C4A51CBF34}"
EndProject
Project("{2150E333-8FDC-42A3-9474-1A3956D46DE8}") = "Infra", "Infra", "{DD8567A2-014A-4E2C-99A9-A4B81619DA9C}"
EndProject
Project("{2150E333-8FDC-42A3-9474-1A3956D46DE8}") = "Domain", "Domain", "{7AB90283-2821-4A8A-B550-FA5892447676}"
EndProject
Project("{FAE04EC0-301F-11D3-BF4B-00C04F79EFBC}") = "API", "API\API.csproj", "{6623EFCC-597D-4A6A-9552-EA7C81D7E0B6}"
EndProject
Project("{FAE04EC0-301F-11D3-BF4B-00C04F79EFBC}") = "Application", "Application\Application.csproj", "{341103D0-606E-47E4-9382-28014856D8DE}"
EndProject
Project("{FAE04EC0-301F-11D3-BF4B-00C04F79EFBC}") = "Domain", "Domain\Domain.csproj", "{9CC79E4D-5D9B-4A35-8759-8F138BABCAFB}"
EndProject
Project("{FAE04EC0-301F-11D3-BF4B-00C04F79EFBC}") = "Infra", "Infra\Infra.csproj", "{95C938A7-F681-4052-8FF9-EA61D93CDEFC}"
EndProject
Global
	GlobalSection(SolutionConfigurationPlatforms) = preSolution
		Debug|Any CPU = Debug|Any CPU
		Release|Any CPU = Release|Any CPU
	EndGlobalSection
	GlobalSection(NestedProjects) = preSolution
		{6623EFCC-597D-4A6A-9552-EA7C81D7E0B6} = {F69D1356-0727-4265-8CCC-5211AE91F9D2}
		{341103D0-606E-47E4-9382-28014856D8DE} = {43EE4A1A-413B-43A8-9534-09C4A51CBF34}
		{9CC79E4D-5D9B-4A35-8759-8F138BABCAFB} = {7AB90283-2821-4A8A-B550-FA5892447676}
		{95C938A7-F681-4052-8FF9-EA61D93CDEFC} = {DD8567A2-014A-4E2C-99A9-A4B81619DA9C}
	EndGlobalSection
	GlobalSection(ProjectConfigurationPlatforms) = postSolution
		{6623EFCC-597D-4A6A-9552-EA7C81D7E0B6}.Debug|Any CPU.ActiveCfg = Debug|Any CPU
		{6623EFCC-597D-4A6A-9552-EA7C81D7E0B6}.Debug|Any CPU.Build.0 = Debug|Any CPU
		{6623EFCC-597D-4A6A-9552-EA7C81D7E0B6}.Release|Any CPU.ActiveCfg = Release|Any CPU
		{6623EFCC-597D-4A6A-9552-EA7C81D7E0B6}.Release|Any CPU.Build.0 = Release|Any CPU
		{341103D0-606E-47E4-9382-28014856D8DE}.Debug|Any CPU.ActiveCfg = Debug|Any CPU
		{341103D0-606E-47E4-9382-28014856D8DE}.Debug|Any CPU.Build.0 = Debug|Any CPU
		{341103D0-606E-47E4-9382-28014856D8DE}.Release|Any CPU.ActiveCfg = Release|Any CPU
		{341103D0-606E-47E4-9382-28014856D8DE}.Release|Any CPU.Build.0 = Release|Any CPU
		{9CC79E4D-5D9B-4A35-8759-8F138BABCAFB}.Debug|Any CPU.ActiveCfg = Debug|Any CPU
		{9CC79E4D-5D9B-4A35-8759-8F138BABCAFB}.Debug|Any CPU.Build.0 = Debug|Any CPU
		{9CC79E4D-5D9B-4A35-8759-8F138BABCAFB}.Release|Any CPU.ActiveCfg = Release|Any CPU
		{9CC79E4D-5D9B-4A35-8759-8F138BABCAFB}.Release|Any CPU.Build.0 = Release|Any CPU
		{95C938A7-F681-4052-8FF9-EA61D93CDEFC}.Debug|Any CPU.ActiveCfg = Debug|Any CPU
		{95C938A7-F681-4052-8FF9-EA61D93CDEFC}.Debug|Any CPU.Build.0 = Debug|Any CPU
		{95C938A7-F681-4052-8FF9-EA61D93CDEFC}.Release|Any CPU.ActiveCfg = Release|Any CPU
		{95C938A7-F681-4052-8FF9-EA61D93CDEFC}.Release|Any CPU.Build.0 = Release|Any CPU
	EndGlobalSection
EndGlobal
